
Microsoft Visual Studio Solution File, Format Version 12.00
# Visual Studio Version 17
VisualStudioVersion = 17.13.35931.197 d17.13
MinimumVisualStudioVersion = 10.0.40219.1
Project("{FAE04EC0-301F-11D3-BF4B-00C04F79EFBC}") = "TPFinal_equipo-8a", "TPFinal_equipo-8a\TPFinal_equipo-8a.csproj", "{3252111A-A1A0-489F-AAF6-2774A764C86E}"
EndProject
Project("{FAE04EC0-301F-11D3-BF4B-00C04F79EFBC}") = "Dominio", "Dominio\Dominio.csproj", "{3B89571C-843E-40A6-B51E-71E42D0E07FE}"
EndProject
Global
	GlobalSection(SolutionConfigurationPlatforms) = preSolution
		Debug|Any CPU = Debug|Any CPU
		Release|Any CPU = Release|Any CPU
	EndGlobalSection
	GlobalSection(ProjectConfigurationPlatforms) = postSolution
		{3252111A-A1A0-489F-AAF6-2774A764C86E}.Debug|Any CPU.ActiveCfg = Debug|Any CPU
		{3252111A-A1A0-489F-AAF6-2774A764C86E}.Debug|Any CPU.Build.0 = Debug|Any CPU
		{3252111A-A1A0-489F-AAF6-2774A764C86E}.Release|Any CPU.ActiveCfg = Release|Any CPU
		{3252111A-A1A0-489F-AAF6-2774A764C86E}.Release|Any CPU.Build.0 = Release|Any CPU
		{3B89571C-843E-40A6-B51E-71E42D0E07FE}.Debug|Any CPU.ActiveCfg = Debug|Any CPU
		{3B89571C-843E-40A6-B51E-71E42D0E07FE}.Debug|Any CPU.Build.0 = Debug|Any CPU
		{3B89571C-843E-40A6-B51E-71E42D0E07FE}.Release|Any CPU.ActiveCfg = Release|Any CPU
		{3B89571C-843E-40A6-B51E-71E42D0E07FE}.Release|Any CPU.Build.0 = Release|Any CPU
	EndGlobalSection
	GlobalSection(SolutionProperties) = preSolution
		HideSolutionNode = FALSE
	EndGlobalSection
	GlobalSection(ExtensibilityGlobals) = postSolution
		SolutionGuid = {13160CD5-915A-4D1D-8A97-B279FA7FFC93}
	EndGlobalSection
EndGlobal
